
Microsoft Visual Studio Solution File, Format Version 12.00
# Visual Studio Version 17
VisualStudioVersion = 17.11.35222.181
MinimumVisualStudioVersion = 10.0.40219.1
Project("{FAE04EC0-301F-11D3-BF4B-00C04F79EFBC}") = "Fibonacci", "Fibonacci\Fibonacci.csproj", "{8FC22C6F-4065-4519-84F5-50532D83C308}"
EndProject
Global
	GlobalSection(SolutionConfigurationPlatforms) = preSolution
		Debug|Any CPU = Debug|Any CPU
		Release|Any CPU = Release|Any CPU
	EndGlobalSection
	GlobalSection(ProjectConfigurationPlatforms) = postSolution
		{8FC22C6F-4065-4519-84F5-50532D83C308}.Debug|Any CPU.ActiveCfg = Debug|Any CPU
		{8FC22C6F-4065-4519-84F5-50532D83C308}.Debug|Any CPU.Build.0 = Debug|Any CPU
		{8FC22C6F-4065-4519-84F5-50532D83C308}.Release|Any CPU.ActiveCfg = Release|Any CPU
		{8FC22C6F-4065-4519-84F5-50532D83C308}.Release|Any CPU.Build.0 = Release|Any CPU
	EndGlobalSection
	GlobalSection(SolutionProperties) = preSolution
		HideSolutionNode = FALSE
	EndGlobalSection
	GlobalSection(ExtensibilityGlobals) = postSolution
		SolutionGuid = {00DD54C4-C1A0-4D69-A999-8985701F182C}
	EndGlobalSection
EndGlobal
